
Microsoft Visual Studio Solution File, Format Version 12.00
# Visual Studio 15
VisualStudioVersion = 15.0.28307.1145
MinimumVisualStudioVersion = 10.0.40219.1
Project("{FAE04EC0-301F-11D3-BF4B-00C04F79EFBC}") = "XoClock", "XoClock\XoClock.csproj", "{5525E00A-FE80-4EC7-91A1-C1C9734FD18A}"
EndProject
Project("{FAE04EC0-301F-11D3-BF4B-00C04F79EFBC}") = "xoClock_2017", "xoClock_2017\xoClock_2017.csproj", "{1C462808-14B1-4001-BA1B-E73980AA91C6}"
EndProject
Global
	GlobalSection(SolutionConfigurationPlatforms) = preSolution
		Debug|Any CPU = Debug|Any CPU
		Release|Any CPU = Release|Any CPU
	EndGlobalSection
	GlobalSection(ProjectConfigurationPlatforms) = postSolution
		{5525E00A-FE80-4EC7-91A1-C1C9734FD18A}.Debug|Any CPU.ActiveCfg = Debug|Any CPU
		{5525E00A-FE80-4EC7-91A1-C1C9734FD18A}.Debug|Any CPU.Build.0 = Debug|Any CPU
		{5525E00A-FE80-4EC7-91A1-C1C9734FD18A}.Release|Any CPU.ActiveCfg = Release|Any CPU
		{5525E00A-FE80-4EC7-91A1-C1C9734FD18A}.Release|Any CPU.Build.0 = Release|Any CPU
		{1C462808-14B1-4001-BA1B-E73980AA91C6}.Debug|Any CPU.ActiveCfg = Debug|Any CPU
		{1C462808-14B1-4001-BA1B-E73980AA91C6}.Debug|Any CPU.Build.0 = Debug|Any CPU
		{1C462808-14B1-4001-BA1B-E73980AA91C6}.Release|Any CPU.ActiveCfg = Release|Any CPU
		{1C462808-14B1-4001-BA1B-E73980AA91C6}.Release|Any CPU.Build.0 = Release|Any CPU
	EndGlobalSection
	GlobalSection(SolutionProperties) = preSolution
		HideSolutionNode = FALSE
	EndGlobalSection
	GlobalSection(ExtensibilityGlobals) = postSolution
		SolutionGuid = {4A353A67-586B-499F-817C-231009A14F38}
	EndGlobalSection
EndGlobal
