
Microsoft Visual Studio Solution File, Format Version 12.00
# Visual Studio Version 16
VisualStudioVersion = 16.0.29920.165
MinimumVisualStudioVersion = 10.0.40219.1
Project("{FAE04EC0-301F-11D3-BF4B-00C04F79EFBC}") = "XoClock", "XoClock\XoClock.csproj", "{5525E00A-FE80-4EC7-91A1-C1C9734FD18A}"
EndProject
Global
	GlobalSection(SolutionConfigurationPlatforms) = preSolution
		Debug|Any CPU = Debug|Any CPU
		Release|Any CPU = Release|Any CPU
	EndGlobalSection
	GlobalSection(ProjectConfigurationPlatforms) = postSolution
		{5525E00A-FE80-4EC7-91A1-C1C9734FD18A}.Debug|Any CPU.ActiveCfg = Debug|Any CPU
		{5525E00A-FE80-4EC7-91A1-C1C9734FD18A}.Debug|Any CPU.Build.0 = Debug|Any CPU
		{5525E00A-FE80-4EC7-91A1-C1C9734FD18A}.Release|Any CPU.ActiveCfg = Release|Any CPU
		{5525E00A-FE80-4EC7-91A1-C1C9734FD18A}.Release|Any CPU.Build.0 = Release|Any CPU
	EndGlobalSection
	GlobalSection(SolutionProperties) = preSolution
		HideSolutionNode = FALSE
	EndGlobalSection
	GlobalSection(ExtensibilityGlobals) = postSolution
		SolutionGuid = {4A353A67-586B-499F-817C-231009A14F38}
	EndGlobalSection
EndGlobal
